// !$*UTF8*$!
{
	archiveVersion = 1;
	classes = {
	};
	objectVersion = 48;
	objects = {

/* Begin PBXBuildFile section */
		1F84E4771F973CA100B686D2 /* AppDelegate.m in Sources */ = {isa = PBXBuildFile; fileRef = 1F84E4761F973CA100B686D2 /* AppDelegate.m */; };
		1F84E47F1F973CA100B686D2 /* Assets.xcassets in Resources */ = {isa = PBXBuildFile; fileRef = 1F84E47E1F973CA100B686D2 /* Assets.xcassets */; };
		1F84E4851F973CA100B686D2 /* main.m in Sources */ = {isa = PBXBuildFile; fileRef = 1F84E4841F973CA100B686D2 /* main.m */; };
		1F84E48D1F97572600B686D2 /* RINHypnosisView.m in Sources */ = {isa = PBXBuildFile; fileRef = 1F84E48C1F97572600B686D2 /* RINHypnosisView.m */; };
		1F84E4901F976DF600B686D2 /* RINHypnosisViewController.m in Sources */ = {isa = PBXBuildFile; fileRef = 1F84E48F1F976DF600B686D2 /* RINHypnosisViewController.m */; };
		1FE0E7E81F98C7F300F00970 /* RINReminderViewController.m in Sources */ = {isa = PBXBuildFile; fileRef = 1FE0E7E71F98C7F300F00970 /* RINReminderViewController.m */; };
		1FE0E7EA1F98CD8700F00970 /* RINReminderViewController.xib in Resources */ = {isa = PBXBuildFile; fileRef = 1FE0E7E91F98CD8700F00970 /* RINReminderViewController.xib */; };
/* End PBXBuildFile section */

/* Begin PBXFileReference section */
		1F84E4721F973CA100B686D2 /* Hypnosister.app */ = {isa = PBXFileReference; explicitFileType = wrapper.application; includeInIndex = 0; path = Hypnosister.app; sourceTree = BUILT_PRODUCTS_DIR; };
		1F84E4751F973CA100B686D2 /* AppDelegate.h */ = {isa = PBXFileReference; lastKnownFileType = sourcecode.c.h; path = AppDelegate.h; sourceTree = "<group>"; };
		1F84E4761F973CA100B686D2 /* AppDelegate.m */ = {isa = PBXFileReference; lastKnownFileType = sourcecode.c.objc; path = AppDelegate.m; sourceTree = "<group>"; };
		1F84E47E1F973CA100B686D2 /* Assets.xcassets */ = {isa = PBXFileReference; lastKnownFileType = folder.assetcatalog; path = Assets.xcassets; sourceTree = "<group>"; };
		1F84E4831F973CA100B686D2 /* Info.plist */ = {isa = PBXFileReference; lastKnownFileType = text.plist.xml; path = Info.plist; sourceTree = "<group>"; };
		1F84E4841F973CA100B686D2 /* main.m */ = {isa = PBXFileReference; lastKnownFileType = sourcecode.c.objc; path = main.m; sourceTree = "<group>"; };
		1F84E48B1F97572600B686D2 /* RINHypnosisView.h */ = {isa = PBXFileReference; lastKnownFileType = sourcecode.c.h; path = RINHypnosisView.h; sourceTree = "<group>"; };
		1F84E48C1F97572600B686D2 /* RINHypnosisView.m */ = {isa = PBXFileReference; lastKnownFileType = sourcecode.c.objc; path = RINHypnosisView.m; sourceTree = "<group>"; };
		1F84E48E1F976DF600B686D2 /* RINHypnosisViewController.h */ = {isa = PBXFileReference; lastKnownFileType = sourcecode.c.h; path = RINHypnosisViewController.h; sourceTree = "<group>"; };
		1F84E48F1F976DF600B686D2 /* RINHypnosisViewController.m */ = {isa = PBXFileReference; lastKnownFileType = sourcecode.c.objc; path = RINHypnosisViewController.m; sourceTree = "<group>"; };
		1FE0E7E61F98C7F300F00970 /* RINReminderViewController.h */ = {isa = PBXFileReference; lastKnownFileType = sourcecode.c.h; path = RINReminderViewController.h; sourceTree = "<group>"; };
		1FE0E7E71F98C7F300F00970 /* RINReminderViewController.m */ = {isa = PBXFileReference; lastKnownFileType = sourcecode.c.objc; path = RINReminderViewController.m; sourceTree = "<group>"; };
		1FE0E7E91F98CD8700F00970 /* RINReminderViewController.xib */ = {isa = PBXFileReference; lastKnownFileType = file.xib; path = RINReminderViewController.xib; sourceTree = "<group>"; };
/* End PBXFileReference section */

/* Begin PBXFrameworksBuildPhase section */
		1F84E46F1F973CA100B686D2 /* Frameworks */ = {
			isa = PBXFrameworksBuildPhase;
			buildActionMask = 2147483647;
			files = (
			);
			runOnlyForDeploymentPostprocessing = 0;
		};
/* End PBXFrameworksBuildPhase section */

/* Begin PBXGroup section */
		1F84E4691F973CA100B686D2 = {
			isa = PBXGroup;
			children = (
				1F84E4741F973CA100B686D2 /* Hypnosister */,
				1F84E4731F973CA100B686D2 /* Products */,
			);
			sourceTree = "<group>";
		};
		1F84E4731F973CA100B686D2 /* Products */ = {
			isa = PBXGroup;
			children = (
				1F84E4721F973CA100B686D2 /* Hypnosister.app */,
			);
			name = Products;
			sourceTree = "<group>";
		};
		1F84E4741F973CA100B686D2 /* Hypnosister */ = {
			isa = PBXGroup;
			children = (
				1F84E4751F973CA100B686D2 /* AppDelegate.h */,
				1F84E48B1F97572600B686D2 /* RINHypnosisView.h */,
				1FE0E7E61F98C7F300F00970 /* RINReminderViewController.h */,
				1FE0E7E71F98C7F300F00970 /* RINReminderViewController.m */,
				1FE0E7E91F98CD8700F00970 /* RINReminderViewController.xib */,
				1F84E48C1F97572600B686D2 /* RINHypnosisView.m */,
				1F84E4761F973CA100B686D2 /* AppDelegate.m */,
				1F84E47E1F973CA100B686D2 /* Assets.xcassets */,
				1F84E4831F973CA100B686D2 /* Info.plist */,
				1F84E4841F973CA100B686D2 /* main.m */,
				1F84E48E1F976DF600B686D2 /* RINHypnosisViewController.h */,
				1F84E48F1F976DF600B686D2 /* RINHypnosisViewController.m */,
			);
			path = Hypnosister;
			sourceTree = "<group>";
		};
/* End PBXGroup section */

/* Begin PBXNativeTarget section */
		1F84E4711F973CA100B686D2 /* Hypnosister */ = {
			isa = PBXNativeTarget;
			buildConfigurationList = 1F84E4881F973CA100B686D2 /* Build configuration list for PBXNativeTarget "Hypnosister" */;
			buildPhases = (
				1F84E46E1F973CA100B686D2 /* Sources */,
				1F84E46F1F973CA100B686D2 /* Frameworks */,
				1F84E4701F973CA100B686D2 /* Resources */,
			);
			buildRules = (
			);
			dependencies = (
			);
			name = Hypnosister;
			productName = Hypnosister;
			productReference = 1F84E4721F973CA100B686D2 /* Hypnosister.app */;
			productType = "com.apple.product-type.application";
		};
/* End PBXNativeTarget section */

/* Begin PBXProject section */
		1F84E46A1F973CA100B686D2 /* Project object */ = {
			isa = PBXProject;
			attributes = {
				LastUpgradeCheck = 0900;
				ORGANIZATIONNAME = ZhongYuan;
				TargetAttributes = {
					1F84E4711F973CA100B686D2 = {
						CreatedOnToolsVersion = 9.0.1;
						ProvisioningStyle = Automatic;
					};
				};
			};
			buildConfigurationList = 1F84E46D1F973CA100B686D2 /* Build configuration list for PBXProject "Hypnosister" */;
			compatibilityVersion = "Xcode 8.0";
			developmentRegion = en;
			hasScannedForEncodings = 0;
			knownRegions = (
				en,
				Base,
			);
			mainGroup = 1F84E4691F973CA100B686D2;
			productRefGroup = 1F84E4731F973CA100B686D2 /* Products */;
			projectDirPath = "";
			projectRoot = "";
			targets = (
				1F84E4711F973CA100B686D2 /* Hypnosister */,
			);
		};
/* End PBXProject section */

/* Begin PBXResourcesBuildPhase section */
		1F84E4701F973CA100B686D2 /* Resources */ = {
			isa = PBXResourcesBuildPhase;
			buildActionMask = 2147483647;
			files = (
				1FE0E7EA1F98CD8700F00970 /* RINReminderViewController.xib in Resources */,
				1F84E47F1F973CA100B686D2 /* Assets.xcassets in Resources */,
			);
			runOnlyForDeploymentPostprocessing = 0;
		};
/* End PBXResourcesBuildPhase section */

/* Begin PBXSourcesBuildPhase section */
		1F84E46E1F973CA100B686D2 /* Sources */ = {
			isa = PBXSourcesBuildPhase;
			buildActionMask = 2147483647;
			files = (
				1F84E48D1F97572600B686D2 /* RINHypnosisView.m in Sources */,
				1F84E4851F973CA100B686D2 /* main.m in Sources */,
				1F84E4901F976DF600B686D2 /* RINHypnosisViewController.m in Sources */,
				1F84E4771F973CA100B686D2 /* AppDelegate.m in Sources */,
				1FE0E7E81F98C7F300F00970 /* RINReminderViewController.m in Sources */,
			);
			runOnlyForDeploymentPostprocessing = 0;
		};
/* End PBXSourcesBuildPhase section */

/* Begin XCBuildConfiguration section */
		1F84E4861F973CA100B686D2 /* Debug */ = {
			isa = XCBuildConfiguration;
			buildSettings = {
				ALWAYS_SEARCH_USER_PATHS = NO;
				CLANG_ANALYZER_NONNULL = YES;
				CLANG_ANALYZER_NUMBER_OBJECT_CONVERSION = YES_AGGRESSIVE;
				CLANG_CXX_LANGUAGE_STANDARD = "gnu++14";
				CLANG_CXX_LIBRARY = "libc++";
				CLANG_ENABLE_MODULES = YES;
				CLANG_ENABLE_OBJC_ARC = YES;
				CLANG_WARN_BLOCK_CAPTURE_AUTORELEASING = YES;
				CLANG_WARN_BOOL_CONVERSION = YES;
				CLANG_WARN_COMMA = YES;
				CLANG_WARN_CONSTANT_CONVERSION = YES;
				CLANG_WARN_DIRECT_OBJC_ISA_USAGE = YES_ERROR;
				CLANG_WARN_DOCUMENTATION_COMMENTS = YES;
				CLANG_WARN_EMPTY_BODY = YES;
				CLANG_WARN_ENUM_CONVERSION = YES;
				CLANG_WARN_INFINITE_RECURSION = YES;
				CLANG_WARN_INT_CONVERSION = YES;
				CLANG_WARN_NON_LITERAL_NULL_CONVERSION = YES;
				CLANG_WARN_OBJC_LITERAL_CONVERSION = YES;
				CLANG_WARN_OBJC_ROOT_CLASS = YES_ERROR;
				CLANG_WARN_RANGE_LOOP_ANALYSIS = YES;
				CLANG_WARN_STRICT_PROTOTYPES = YES;
				CLANG_WARN_SUSPICIOUS_MOVE = YES;
				CLANG_WARN_UNGUARDED_AVAILABILITY = YES_AGGRESSIVE;
				CLANG_WARN_UNREACHABLE_CODE = YES;
				CLANG_WARN__DUPLICATE_METHOD_MATCH = YES;
				CODE_SIGN_IDENTITY = "iPhone Developer";
				COPY_PHASE_STRIP = NO;
				DEBUG_INFORMATION_FORMAT = dwarf;
				ENABLE_STRICT_OBJC_MSGSEND = YES;
				ENABLE_TESTABILITY = YES;
				GCC_C_LANGUAGE_STANDARD = gnu11;
				GCC_DYNAMIC_NO_PIC = NO;
				GCC_NO_COMMON_BLOCKS = YES;
				GCC_OPTIMIZATION_LEVEL = 0;
				GCC_PREPROCESSOR_DEFINITIONS = (
					"DEBUG=1",
					"$(inherited)",
				);
				GCC_WARN_64_TO_32_BIT_CONVERSION = YES;
				GCC_WARN_ABOUT_RETURN_TYPE = YES_ERROR;
				GCC_WARN_UNDECLARED_SELECTOR = YES;
				GCC_WARN_UNINITIALIZED_AUTOS = YES_AGGRESSIVE;
				GCC_WARN_UNUSED_FUNCTION = YES;
				GCC_WARN_UNUSED_VARIABLE = YES;
				IPHONEOS_DEPLOYMENT_TARGET = 11.0;
				MTL_ENABLE_DEBUG_INFO = YES;
				ONLY_ACTIVE_ARCH = YES;
				SDKROOT = iphoneos;
			};
			name = Debug;
		};
		1F84E4871F973CA100B686D2 /* Release */ = {
			isa = XCBuildConfiguration;
			buildSettings = {
				ALWAYS_SEARCH_USER_PATHS = NO;
				CLANG_ANALYZER_NONNULL = YES;
				CLANG_ANALYZER_NUMBER_OBJECT_CONVERSION = YES_AGGRESSIVE;
				CLANG_CXX_LANGUAGE_STANDARD = "gnu++14";
				CLANG_CXX_LIBRARY = "libc++";
				CLANG_ENABLE_MODULES = YES;
				CLANG_ENABLE_OBJC_ARC = YES;
				CLANG_WARN_BLOCK_CAPTURE_AUTORELEASING = YES;
				CLANG_WARN_BOOL_CONVERSION = YES;
				CLANG_WARN_COMMA = YES;
				CLANG_WARN_CONSTANT_CONVERSION = YES;
				CLANG_WARN_DIRECT_OBJC_ISA_USAGE = YES_ERROR;
				CLANG_WARN_DOCUMENTATION_COMMENTS = YES;
				CLANG_WARN_EMPTY_BODY = YES;
				CLANG_WARN_ENUM_CONVERSION = YES;
				CLANG_WARN_INFINITE_RECURSION = YES;
				CLANG_WARN_INT_CONVERSION = YES;
				CLANG_WARN_NON_LITERAL_NULL_CONVERSION = YES;
				CLANG_WARN_OBJC_LITERAL_CONVERSION = YES;
				CLANG_WARN_OBJC_ROOT_CLASS = YES_ERROR;
				CLANG_WARN_RANGE_LOOP_ANALYSIS = YES;
				CLANG_WARN_STRICT_PROTOTYPES = YES;
				CLANG_WARN_SUSPICIOUS_MOVE = YES;
				CLANG_WARN_UNGUARDED_AVAILABILITY = YES_AGGRESSIVE;
				CLANG_WARN_UNREACHABLE_CODE = YES;
				CLANG_WARN__DUPLICATE_METHOD_MATCH = YES;
				CODE_SIGN_IDENTITY = "iPhone Developer";
				COPY_PHASE_STRIP = NO;
				DEBUG_INFORMATION_FORMAT = "dwarf-with-dsym";
				ENABLE_NS_ASSERTIONS = NO;
				ENABLE_STRICT_OBJC_MSGSEND = YES;
				GCC_C_LANGUAGE_STANDARD = gnu11;
				GCC_NO_COMMON_BLOCKS = YES;
				GCC_WARN_64_TO_32_BIT_CONVERSION = YES;
				GCC_WARN_ABOUT_RETURN_TYPE = YES_ERROR;
				GCC_WARN_UNDECLARED_SELECTOR = YES;
				GCC_WARN_UNINITIALIZED_AUTOS = YES_AGGRESSIVE;
				GCC_WARN_UNUSED_FUNCTION = YES;
				GCC_WARN_UNUSED_VARIABLE = YES;
				IPHONEOS_DEPLOYMENT_TARGET = 11.0;
				MTL_ENABLE_DEBUG_INFO = NO;
				SDKROOT = iphoneos;
				VALIDATE_PRODUCT = YES;
			};
			name = Release;
		};
		1F84E4891F973CA100B686D2 /* Debug */ = {
			isa = XCBuildConfiguration;
			buildSettings = {
				ASSETCATALOG_COMPILER_APPICON_NAME = AppIcon;
				CODE_SIGN_STYLE = Automatic;
				DEVELOPMENT_TEAM = X58SW7U693;
				INFOPLIST_FILE = Hypnosister/Info.plist;
				LD_RUNPATH_SEARCH_PATHS = "$(inherited) @executable_path/Frameworks";
				PRODUCT_BUNDLE_IDENTIFIER = ZhongYuan.Hypnosister;
				PRODUCT_NAME = "$(TARGET_NAME)";
				TARGETED_DEVICE_FAMILY = "1,2";
			};
			name = Debug;
		};
		1F84E48A1F973CA100B686D2 /* Release */ = {
			isa = XCBuildConfiguration;
			buildSettings = {
				ASSETCATALOG_COMPILER_APPICON_NAME = AppIcon;
				CODE_SIGN_STYLE = Automatic;
				DEVELOPMENT_TEAM = X58SW7U693;
				INFOPLIST_FILE = Hypnosister/Info.plist;
				LD_RUNPATH_SEARCH_PATHS = "$(inherited) @executable_path/Frameworks";
				PRODUCT_BUNDLE_IDENTIFIER = ZhongYuan.Hypnosister;
				PRODUCT_NAME = "$(TARGET_NAME)";
				TARGETED_DEVICE_FAMILY = "1,2";
			};
			name = Release;
		};
/* End XCBuildConfiguration section */

/* Begin XCConfigurationList section */
		1F84E46D1F973CA100B686D2 /* Build configuration list for PBXProject "Hypnosister" */ = {
			isa = XCConfigurationList;
			buildConfigurations = (
				1F84E4861F973CA100B686D2 /* Debug */,
				1F84E4871F973CA100B686D2 /* Release */,
			);
			defaultConfigurationIsVisible = 0;
			defaultConfigurationName = Release;
		};
		1F84E4881F973CA100B686D2 /* Build configuration list for PBXNativeTarget "Hypnosister" */ = {
			isa = XCConfigurationList;
			buildConfigurations = (
				1F84E4891F973CA100B686D2 /* Debug */,
				1F84E48A1F973CA100B686D2 /* Release */,
			);
			defaultConfigurationIsVisible = 0;
			defaultConfigurationName = Release;
		};
/* End XCConfigurationList section */
	};
	rootObject = 1F84E46A1F973CA100B686D2 /* Project object */;
}
